
Microsoft Visual Studio Solution File, Format Version 12.00
# Visual Studio 15
VisualStudioVersion = 15.0.27130.2010
MinimumVisualStudioVersion = 10.0.40219.1
Project("{FAE04EC0-301F-11D3-BF4B-00C04F79EFBC}") = "JJ Editor", "JJ Editor\JJ Editor.csproj", "{BCEA0D50-6246-491F-990E-5B7BFD39910B}"
EndProject
Project("{54435603-DBB4-11D2-8724-00A0C9A8B90C}") = "SetupProgram", "SetupProgram\SetupProgram.vdproj", "{E60A8656-C125-4252-AC3A-800BE94D0DDC}"
EndProject
Global
	GlobalSection(SolutionConfigurationPlatforms) = preSolution
		Debug|Any CPU = Debug|Any CPU
		Release|Any CPU = Release|Any CPU
	EndGlobalSection
	GlobalSection(ProjectConfigurationPlatforms) = postSolution
		{BCEA0D50-6246-491F-990E-5B7BFD39910B}.Debug|Any CPU.ActiveCfg = Debug|Any CPU
		{BCEA0D50-6246-491F-990E-5B7BFD39910B}.Debug|Any CPU.Build.0 = Debug|Any CPU
		{BCEA0D50-6246-491F-990E-5B7BFD39910B}.Release|Any CPU.ActiveCfg = Release|Any CPU
		{BCEA0D50-6246-491F-990E-5B7BFD39910B}.Release|Any CPU.Build.0 = Release|Any CPU
		{E60A8656-C125-4252-AC3A-800BE94D0DDC}.Debug|Any CPU.ActiveCfg = Debug
		{E60A8656-C125-4252-AC3A-800BE94D0DDC}.Release|Any CPU.ActiveCfg = Release
	EndGlobalSection
	GlobalSection(SolutionProperties) = preSolution
		HideSolutionNode = FALSE
	EndGlobalSection
	GlobalSection(ExtensibilityGlobals) = postSolution
		SolutionGuid = {5BA2ECCC-BF05-4C31-9894-3A7A54DEB21B}
	EndGlobalSection
EndGlobal
